
Microsoft Visual Studio Solution File, Format Version 12.00
# Visual Studio 15
VisualStudioVersion = 15.0.26730.10
MinimumVisualStudioVersion = 10.0.40219.1
Project("{FAE04EC0-301F-11D3-BF4B-00C04F79EFBC}") = "Anderson_Robert", "Anderson_Robert\Anderson_Robert.csproj", "{0333C177-DA24-437A-9732-E491B7EE708E}"
EndProject
Global
	GlobalSection(SolutionConfigurationPlatforms) = preSolution
		Debug|Any CPU = Debug|Any CPU
		Release|Any CPU = Release|Any CPU
	EndGlobalSection
	GlobalSection(ProjectConfigurationPlatforms) = postSolution
		{0333C177-DA24-437A-9732-E491B7EE708E}.Debug|Any CPU.ActiveCfg = Debug|Any CPU
		{0333C177-DA24-437A-9732-E491B7EE708E}.Debug|Any CPU.Build.0 = Debug|Any CPU
		{0333C177-DA24-437A-9732-E491B7EE708E}.Release|Any CPU.ActiveCfg = Release|Any CPU
		{0333C177-DA24-437A-9732-E491B7EE708E}.Release|Any CPU.Build.0 = Release|Any CPU
	EndGlobalSection
	GlobalSection(SolutionProperties) = preSolution
		HideSolutionNode = FALSE
	EndGlobalSection
	GlobalSection(ExtensibilityGlobals) = postSolution
		SolutionGuid = {0B6F8206-9A49-4B95-BACE-BBFB2226D964}
	EndGlobalSection
EndGlobal
